
Microsoft Visual Studio Solution File, Format Version 12.00
# Visual Studio Version 17
VisualStudioVersion = 17.1.32407.343
MinimumVisualStudioVersion = 10.0.40219.1
Project("{FAE04EC0-301F-11D3-BF4B-00C04F79EFBC}") = "BoardGamesOnline.Server", "BoardGamesOnline.Server\BoardGamesOnline.Server.csproj", "{1377BFFB-5BF4-47A8-877D-2AB2505559DB}"
EndProject
Global
	GlobalSection(SolutionConfigurationPlatforms) = preSolution
		Debug|Any CPU = Debug|Any CPU
		Release|Any CPU = Release|Any CPU
	EndGlobalSection
	GlobalSection(ProjectConfigurationPlatforms) = postSolution
		{1377BFFB-5BF4-47A8-877D-2AB2505559DB}.Debug|Any CPU.ActiveCfg = Debug|Any CPU
		{1377BFFB-5BF4-47A8-877D-2AB2505559DB}.Debug|Any CPU.Build.0 = Debug|Any CPU
		{1377BFFB-5BF4-47A8-877D-2AB2505559DB}.Release|Any CPU.ActiveCfg = Release|Any CPU
		{1377BFFB-5BF4-47A8-877D-2AB2505559DB}.Release|Any CPU.Build.0 = Release|Any CPU
	EndGlobalSection
	GlobalSection(SolutionProperties) = preSolution
		HideSolutionNode = FALSE
	EndGlobalSection
	GlobalSection(ExtensibilityGlobals) = postSolution
		SolutionGuid = {18382FD0-A5A4-44BE-B68B-7F7210433D9A}
	EndGlobalSection
EndGlobal
